// !$*UTF8*$!
{
	archiveVersion = 1;
	classes = {
	};
	objectVersion = 56;
	objects = {

/* Begin PBXBuildFile section */
		8306FB782B974F260082AAEF /* OnboardingView.swift in Sources */ = {isa = PBXBuildFile; fileRef = 8306FB772B974F260082AAEF /* OnboardingView.swift */; };
		8306FB7A2B9752FD0082AAEF /* OnBoardCell.swift in Sources */ = {isa = PBXBuildFile; fileRef = 8306FB792B9752FD0082AAEF /* OnBoardCell.swift */; };
		8339C0732B893D8C0087C62A /* SettingsView.swift in Sources */ = {isa = PBXBuildFile; fileRef = 8339C0722B893D8C0087C62A /* SettingsView.swift */; };
		8339C0772B8982470087C62A /* SettingsModel.swift in Sources */ = {isa = PBXBuildFile; fileRef = 8339C0762B8982470087C62A /* SettingsModel.swift */; };
		8339C0792B89825E0087C62A /* SettingsCell.swift in Sources */ = {isa = PBXBuildFile; fileRef = 8339C0782B89825E0087C62A /* SettingsCell.swift */; };
		8339C07B2B89827D0087C62A /* SettingsController.swift in Sources */ = {isa = PBXBuildFile; fileRef = 8339C07A2B89827D0087C62A /* SettingsController.swift */; };
		8365AA9B2BA085B80090F786 /* Note.xcdatamodeld in Sources */ = {isa = PBXBuildFile; fileRef = 8365AA992BA085B80090F786 /* Note.xcdatamodeld */; };
		8365AA9E2BA087530090F786 /* Note+CoreDataClass.swift in Sources */ = {isa = PBXBuildFile; fileRef = 8365AA9C2BA087530090F786 /* Note+CoreDataClass.swift */; };
		8365AA9F2BA087530090F786 /* Note+CoreDataProperties.swift in Sources */ = {isa = PBXBuildFile; fileRef = 8365AA9D2BA087530090F786 /* Note+CoreDataProperties.swift */; };
		8365AAA32BA087DF0090F786 /* CoreDataService.swift in Sources */ = {isa = PBXBuildFile; fileRef = 8365AAA22BA087DF0090F786 /* CoreDataService.swift */; };
		838DFD602BAC7010009E0D24 /* OnboardingController.swift in Sources */ = {isa = PBXBuildFile; fileRef = 838DFD5F2BAC7010009E0D24 /* OnboardingController.swift */; };
		838DFD622BAC7029009E0D24 /* OnboardingModel.swift in Sources */ = {isa = PBXBuildFile; fileRef = 838DFD612BAC7029009E0D24 /* OnboardingModel.swift */; };
		838DFD672BAC8EF2009E0D24 /* NoteView.swift in Sources */ = {isa = PBXBuildFile; fileRef = 838DFD662BAC8EF2009E0D24 /* NoteView.swift */; };
		838DFD692BAC8F23009E0D24 /* NoteModel.swift in Sources */ = {isa = PBXBuildFile; fileRef = 838DFD682BAC8F23009E0D24 /* NoteModel.swift */; };
		838DFD6B2BAC8F92009E0D24 /* NoteController.swift in Sources */ = {isa = PBXBuildFile; fileRef = 838DFD6A2BAC8F92009E0D24 /* NoteController.swift */; };
		838DFD6E2BACA4A4009E0D24 /* LanguageView.swift in Sources */ = {isa = PBXBuildFile; fileRef = 838DFD6D2BACA4A4009E0D24 /* LanguageView.swift */; };
		839A9A782B907E5900DC3AFD /* HomeCell.swift in Sources */ = {isa = PBXBuildFile; fileRef = 839A9A772B907E5900DC3AFD /* HomeCell.swift */; };
		839A9A7A2B907E9A00DC3AFD /* HomeController.swift in Sources */ = {isa = PBXBuildFile; fileRef = 839A9A792B907E9A00DC3AFD /* HomeController.swift */; };
		839A9A7C2B907EAA00DC3AFD /* HomeModel.swift in Sources */ = {isa = PBXBuildFile; fileRef = 839A9A7B2B907EAA00DC3AFD /* HomeModel.swift */; };
		83E451772B863F680022F7A9 /* AppDelegate.swift in Sources */ = {isa = PBXBuildFile; fileRef = 83E451762B863F680022F7A9 /* AppDelegate.swift */; };
		83E451792B863F680022F7A9 /* SceneDelegate.swift in Sources */ = {isa = PBXBuildFile; fileRef = 83E451782B863F680022F7A9 /* SceneDelegate.swift */; };
		83E4517B2B863F680022F7A9 /* HomeView.swift in Sources */ = {isa = PBXBuildFile; fileRef = 83E4517A2B863F680022F7A9 /* HomeView.swift */; };
		83E451802B863F6B0022F7A9 /* Assets.xcassets in Resources */ = {isa = PBXBuildFile; fileRef = 83E4517F2B863F6B0022F7A9 /* Assets.xcassets */; };
		83E451832B863F6B0022F7A9 /* LaunchScreen.storyboard in Resources */ = {isa = PBXBuildFile; fileRef = 83E451812B863F6B0022F7A9 /* LaunchScreen.storyboard */; };
		83E4518C2B863FDA0022F7A9 /* SnapKit in Frameworks */ = {isa = PBXBuildFile; productRef = 83E4518B2B863FDA0022F7A9 /* SnapKit */; };
/* End PBXBuildFile section */

/* Begin PBXFileReference section */
		8306FB772B974F260082AAEF /* OnboardingView.swift */ = {isa = PBXFileReference; lastKnownFileType = sourcecode.swift; path = OnboardingView.swift; sourceTree = "<group>"; };
		8306FB792B9752FD0082AAEF /* OnBoardCell.swift */ = {isa = PBXFileReference; lastKnownFileType = sourcecode.swift; path = OnBoardCell.swift; sourceTree = "<group>"; };
		8339C0722B893D8C0087C62A /* SettingsView.swift */ = {isa = PBXFileReference; lastKnownFileType = sourcecode.swift; path = SettingsView.swift; sourceTree = "<group>"; };
		8339C0762B8982470087C62A /* SettingsModel.swift */ = {isa = PBXFileReference; lastKnownFileType = sourcecode.swift; path = SettingsModel.swift; sourceTree = "<group>"; };
		8339C0782B89825E0087C62A /* SettingsCell.swift */ = {isa = PBXFileReference; lastKnownFileType = sourcecode.swift; path = SettingsCell.swift; sourceTree = "<group>"; };
		8339C07A2B89827D0087C62A /* SettingsController.swift */ = {isa = PBXFileReference; lastKnownFileType = sourcecode.swift; path = SettingsController.swift; sourceTree = "<group>"; };
		8365AA9A2BA085B80090F786 /* Note.xcdatamodel */ = {isa = PBXFileReference; lastKnownFileType = wrapper.xcdatamodel; path = Note.xcdatamodel; sourceTree = "<group>"; };
		8365AA9C2BA087530090F786 /* Note+CoreDataClass.swift */ = {isa = PBXFileReference; lastKnownFileType = sourcecode.swift; path = "Note+CoreDataClass.swift"; sourceTree = "<group>"; };
		8365AA9D2BA087530090F786 /* Note+CoreDataProperties.swift */ = {isa = PBXFileReference; lastKnownFileType = sourcecode.swift; path = "Note+CoreDataProperties.swift"; sourceTree = "<group>"; };
		8365AAA22BA087DF0090F786 /* CoreDataService.swift */ = {isa = PBXFileReference; lastKnownFileType = sourcecode.swift; path = CoreDataService.swift; sourceTree = "<group>"; };
		838DFD5F2BAC7010009E0D24 /* OnboardingController.swift */ = {isa = PBXFileReference; lastKnownFileType = sourcecode.swift; path = OnboardingController.swift; sourceTree = "<group>"; };
		838DFD612BAC7029009E0D24 /* OnboardingModel.swift */ = {isa = PBXFileReference; lastKnownFileType = sourcecode.swift; path = OnboardingModel.swift; sourceTree = "<group>"; };
		838DFD662BAC8EF2009E0D24 /* NoteView.swift */ = {isa = PBXFileReference; lastKnownFileType = sourcecode.swift; path = NoteView.swift; sourceTree = "<group>"; };
		838DFD682BAC8F23009E0D24 /* NoteModel.swift */ = {isa = PBXFileReference; lastKnownFileType = sourcecode.swift; path = NoteModel.swift; sourceTree = "<group>"; };
		838DFD6A2BAC8F92009E0D24 /* NoteController.swift */ = {isa = PBXFileReference; lastKnownFileType = sourcecode.swift; path = NoteController.swift; sourceTree = "<group>"; };
		838DFD6D2BACA4A4009E0D24 /* LanguageView.swift */ = {isa = PBXFileReference; lastKnownFileType = sourcecode.swift; path = LanguageView.swift; sourceTree = "<group>"; };
		839A9A772B907E5900DC3AFD /* HomeCell.swift */ = {isa = PBXFileReference; lastKnownFileType = sourcecode.swift; path = HomeCell.swift; sourceTree = "<group>"; };
		839A9A792B907E9A00DC3AFD /* HomeController.swift */ = {isa = PBXFileReference; lastKnownFileType = sourcecode.swift; path = HomeController.swift; sourceTree = "<group>"; };
		839A9A7B2B907EAA00DC3AFD /* HomeModel.swift */ = {isa = PBXFileReference; lastKnownFileType = sourcecode.swift; path = HomeModel.swift; sourceTree = "<group>"; };
		83E451732B863F680022F7A9 /* Notes.app */ = {isa = PBXFileReference; explicitFileType = wrapper.application; includeInIndex = 0; path = Notes.app; sourceTree = BUILT_PRODUCTS_DIR; };
		83E451762B863F680022F7A9 /* AppDelegate.swift */ = {isa = PBXFileReference; lastKnownFileType = sourcecode.swift; path = AppDelegate.swift; sourceTree = "<group>"; };
		83E451782B863F680022F7A9 /* SceneDelegate.swift */ = {isa = PBXFileReference; lastKnownFileType = sourcecode.swift; path = SceneDelegate.swift; sourceTree = "<group>"; };
		83E4517A2B863F680022F7A9 /* HomeView.swift */ = {isa = PBXFileReference; lastKnownFileType = sourcecode.swift; path = HomeView.swift; sourceTree = "<group>"; };
		83E4517F2B863F6B0022F7A9 /* Assets.xcassets */ = {isa = PBXFileReference; lastKnownFileType = folder.assetcatalog; path = Assets.xcassets; sourceTree = "<group>"; };
		83E451822B863F6B0022F7A9 /* Base */ = {isa = PBXFileReference; lastKnownFileType = file.storyboard; name = Base; path = Base.lproj/LaunchScreen.storyboard; sourceTree = "<group>"; };
		83E451842B863F6B0022F7A9 /* Info.plist */ = {isa = PBXFileReference; lastKnownFileType = text.plist.xml; path = Info.plist; sourceTree = "<group>"; };
/* End PBXFileReference section */

/* Begin PBXFrameworksBuildPhase section */
		83E451702B863F680022F7A9 /* Frameworks */ = {
			isa = PBXFrameworksBuildPhase;
			buildActionMask = 2147483647;
			files = (
				83E4518C2B863FDA0022F7A9 /* SnapKit in Frameworks */,
			);
			runOnlyForDeploymentPostprocessing = 0;
		};
/* End PBXFrameworksBuildPhase section */

/* Begin PBXGroup section */
		8306FB742B974ECA0082AAEF /* OnBoarding */ = {
			isa = PBXGroup;
			children = (
				8306FB772B974F260082AAEF /* OnboardingView.swift */,
				8306FB792B9752FD0082AAEF /* OnBoardCell.swift */,
				838DFD5F2BAC7010009E0D24 /* OnboardingController.swift */,
				838DFD612BAC7029009E0D24 /* OnboardingModel.swift */,
			);
			path = OnBoarding;
			sourceTree = "<group>";
		};
		8365AAA02BA087A90090F786 /* Services */ = {
			isa = PBXGroup;
			children = (
				8365AAA12BA087BE0090F786 /* CoreData */,
			);
			path = Services;
			sourceTree = "<group>";
		};
		8365AAA12BA087BE0090F786 /* CoreData */ = {
			isa = PBXGroup;
			children = (
				8365AAA22BA087DF0090F786 /* CoreDataService.swift */,
			);
			path = CoreData;
			sourceTree = "<group>";
		};
		838DFD632BAC8EB0009E0D24 /* AddNote */ = {
			isa = PBXGroup;
			children = (
				838DFD662BAC8EF2009E0D24 /* NoteView.swift */,
				838DFD682BAC8F23009E0D24 /* NoteModel.swift */,
				838DFD6A2BAC8F92009E0D24 /* NoteController.swift */,
			);
			path = AddNote;
			sourceTree = "<group>";
		};
		838DFD6C2BACA46F009E0D24 /* Language */ = {
			isa = PBXGroup;
			children = (
				838DFD6D2BACA4A4009E0D24 /* LanguageView.swift */,
			);
			path = Language;
			sourceTree = "<group>";
		};
		83E4516A2B863F680022F7A9 = {
			isa = PBXGroup;
			children = (
				8365AA9C2BA087530090F786 /* Note+CoreDataClass.swift */,
				8365AA9D2BA087530090F786 /* Note+CoreDataProperties.swift */,
				8365AA992BA085B80090F786 /* Note.xcdatamodeld */,
				83E451752B863F680022F7A9 /* Notes */,
				83E451742B863F680022F7A9 /* Products */,
			);
			sourceTree = "<group>";
		};
		83E451742B863F680022F7A9 /* Products */ = {
			isa = PBXGroup;
			children = (
				83E451732B863F680022F7A9 /* Notes.app */,
			);
			name = Products;
			sourceTree = "<group>";
		};
		83E451752B863F680022F7A9 /* Notes */ = {
			isa = PBXGroup;
			children = (
				8365AAA02BA087A90090F786 /* Services */,
				83E4518D2B8640170022F7A9 /* Delegates */,
				83E4518F2B864A4A0022F7A9 /* Modules */,
				83E451812B863F6B0022F7A9 /* LaunchScreen.storyboard */,
				83E4517F2B863F6B0022F7A9 /* Assets.xcassets */,
				83E451842B863F6B0022F7A9 /* Info.plist */,
			);
			path = Notes;
			sourceTree = "<group>";
		};
		83E4518D2B8640170022F7A9 /* Delegates */ = {
			isa = PBXGroup;
			children = (
				83E451762B863F680022F7A9 /* AppDelegate.swift */,
				83E451782B863F680022F7A9 /* SceneDelegate.swift */,
			);
			path = Delegates;
			sourceTree = "<group>";
		};
		83E4518F2B864A4A0022F7A9 /* Modules */ = {
			isa = PBXGroup;
			children = (
				838DFD6C2BACA46F009E0D24 /* Language */,
				838DFD632BAC8EB0009E0D24 /* AddNote */,
				8306FB742B974ECA0082AAEF /* OnBoarding */,
				83EE589A2B8E296F0041A350 /* Settings */,
				83EE58992B8E294D0041A350 /* Home */,
			);
			path = Modules;
			sourceTree = "<group>";
		};
		83EE58992B8E294D0041A350 /* Home */ = {
			isa = PBXGroup;
			children = (
				83E4517A2B863F680022F7A9 /* HomeView.swift */,
				839A9A772B907E5900DC3AFD /* HomeCell.swift */,
				839A9A792B907E9A00DC3AFD /* HomeController.swift */,
				839A9A7B2B907EAA00DC3AFD /* HomeModel.swift */,
			);
			path = Home;
			sourceTree = "<group>";
		};
		83EE589A2B8E296F0041A350 /* Settings */ = {
			isa = PBXGroup;
			children = (
				8339C07A2B89827D0087C62A /* SettingsController.swift */,
				8339C0782B89825E0087C62A /* SettingsCell.swift */,
				8339C0762B8982470087C62A /* SettingsModel.swift */,
				8339C0722B893D8C0087C62A /* SettingsView.swift */,
			);
			path = Settings;
			sourceTree = "<group>";
		};
/* End PBXGroup section */

/* Begin PBXNativeTarget section */
		83E451722B863F680022F7A9 /* Notes */ = {
			isa = PBXNativeTarget;
			buildConfigurationList = 83E451872B863F6B0022F7A9 /* Build configuration list for PBXNativeTarget "Notes" */;
			buildPhases = (
				83E4516F2B863F680022F7A9 /* Sources */,
				83E451702B863F680022F7A9 /* Frameworks */,
				83E451712B863F680022F7A9 /* Resources */,
			);
			buildRules = (
			);
			dependencies = (
			);
			name = Notes;
			packageProductDependencies = (
				83E4518B2B863FDA0022F7A9 /* SnapKit */,
			);
			productName = Notes;
			productReference = 83E451732B863F680022F7A9 /* Notes.app */;
			productType = "com.apple.product-type.application";
		};
/* End PBXNativeTarget section */

/* Begin PBXProject section */
		83E4516B2B863F680022F7A9 /* Project object */ = {
			isa = PBXProject;
			attributes = {
				BuildIndependentTargetsInParallel = 1;
				LastSwiftUpdateCheck = 1520;
				LastUpgradeCheck = 1520;
				TargetAttributes = {
					83E451722B863F680022F7A9 = {
						CreatedOnToolsVersion = 15.2;
					};
				};
			};
			buildConfigurationList = 83E4516E2B863F680022F7A9 /* Build configuration list for PBXProject "Notes" */;
			compatibilityVersion = "Xcode 14.0";
			developmentRegion = en;
			hasScannedForEncodings = 0;
			knownRegions = (
				en,
				Base,
			);
			mainGroup = 83E4516A2B863F680022F7A9;
			packageReferences = (
				83E4518A2B863FDA0022F7A9 /* XCRemoteSwiftPackageReference "SnapKit" */,
			);
			productRefGroup = 83E451742B863F680022F7A9 /* Products */;
			projectDirPath = "";
			projectRoot = "";
			targets = (
				83E451722B863F680022F7A9 /* Notes */,
			);
		};
/* End PBXProject section */

/* Begin PBXResourcesBuildPhase section */
		83E451712B863F680022F7A9 /* Resources */ = {
			isa = PBXResourcesBuildPhase;
			buildActionMask = 2147483647;
			files = (
				83E451832B863F6B0022F7A9 /* LaunchScreen.storyboard in Resources */,
				83E451802B863F6B0022F7A9 /* Assets.xcassets in Resources */,
			);
			runOnlyForDeploymentPostprocessing = 0;
		};
/* End PBXResourcesBuildPhase section */

/* Begin PBXSourcesBuildPhase section */
		83E4516F2B863F680022F7A9 /* Sources */ = {
			isa = PBXSourcesBuildPhase;
			buildActionMask = 2147483647;
			files = (
				8365AAA32BA087DF0090F786 /* CoreDataService.swift in Sources */,
				8339C0732B893D8C0087C62A /* SettingsView.swift in Sources */,
				838DFD692BAC8F23009E0D24 /* NoteModel.swift in Sources */,
				8339C07B2B89827D0087C62A /* SettingsController.swift in Sources */,
				83E4517B2B863F680022F7A9 /* HomeView.swift in Sources */,
				83E451772B863F680022F7A9 /* AppDelegate.swift in Sources */,
				838DFD672BAC8EF2009E0D24 /* NoteView.swift in Sources */,
				8339C0772B8982470087C62A /* SettingsModel.swift in Sources */,
				838DFD6E2BACA4A4009E0D24 /* LanguageView.swift in Sources */,
				8306FB782B974F260082AAEF /* OnboardingView.swift in Sources */,
				839A9A7A2B907E9A00DC3AFD /* HomeController.swift in Sources */,
				838DFD602BAC7010009E0D24 /* OnboardingController.swift in Sources */,
				8339C0792B89825E0087C62A /* SettingsCell.swift in Sources */,
				839A9A782B907E5900DC3AFD /* HomeCell.swift in Sources */,
				8365AA9F2BA087530090F786 /* Note+CoreDataProperties.swift in Sources */,
				8306FB7A2B9752FD0082AAEF /* OnBoardCell.swift in Sources */,
				838DFD622BAC7029009E0D24 /* OnboardingModel.swift in Sources */,
				838DFD6B2BAC8F92009E0D24 /* NoteController.swift in Sources */,
				8365AA9B2BA085B80090F786 /* Note.xcdatamodeld in Sources */,
				8365AA9E2BA087530090F786 /* Note+CoreDataClass.swift in Sources */,
				839A9A7C2B907EAA00DC3AFD /* HomeModel.swift in Sources */,
				83E451792B863F680022F7A9 /* SceneDelegate.swift in Sources */,
			);
			runOnlyForDeploymentPostprocessing = 0;
		};
/* End PBXSourcesBuildPhase section */

/* Begin PBXVariantGroup section */
		83E451812B863F6B0022F7A9 /* LaunchScreen.storyboard */ = {
			isa = PBXVariantGroup;
			children = (
				83E451822B863F6B0022F7A9 /* Base */,
			);
			name = LaunchScreen.storyboard;
			sourceTree = "<group>";
		};
/* End PBXVariantGroup section */

/* Begin XCBuildConfiguration section */
		83E451852B863F6B0022F7A9 /* Debug */ = {
			isa = XCBuildConfiguration;
			buildSettings = {
				ALWAYS_SEARCH_USER_PATHS = NO;
				ASSETCATALOG_COMPILER_GENERATE_SWIFT_ASSET_SYMBOL_EXTENSIONS = YES;
				CLANG_ANALYZER_NONNULL = YES;
				CLANG_ANALYZER_NUMBER_OBJECT_CONVERSION = YES_AGGRESSIVE;
				CLANG_CXX_LANGUAGE_STANDARD = "gnu++20";
				CLANG_ENABLE_MODULES = YES;
				CLANG_ENABLE_OBJC_ARC = YES;
				CLANG_ENABLE_OBJC_WEAK = YES;
				CLANG_WARN_BLOCK_CAPTURE_AUTORELEASING = YES;
				CLANG_WARN_BOOL_CONVERSION = YES;
				CLANG_WARN_COMMA = YES;
				CLANG_WARN_CONSTANT_CONVERSION = YES;
				CLANG_WARN_DEPRECATED_OBJC_IMPLEMENTATIONS = YES;
				CLANG_WARN_DIRECT_OBJC_ISA_USAGE = YES_ERROR;
				CLANG_WARN_DOCUMENTATION_COMMENTS = YES;
				CLANG_WARN_EMPTY_BODY = YES;
				CLANG_WARN_ENUM_CONVERSION = YES;
				CLANG_WARN_INFINITE_RECURSION = YES;
				CLANG_WARN_INT_CONVERSION = YES;
				CLANG_WARN_NON_LITERAL_NULL_CONVERSION = YES;
				CLANG_WARN_OBJC_IMPLICIT_RETAIN_SELF = YES;
				CLANG_WARN_OBJC_LITERAL_CONVERSION = YES;
				CLANG_WARN_OBJC_ROOT_CLASS = YES_ERROR;
				CLANG_WARN_QUOTED_INCLUDE_IN_FRAMEWORK_HEADER = YES;
				CLANG_WARN_RANGE_LOOP_ANALYSIS = YES;
				CLANG_WARN_STRICT_PROTOTYPES = YES;
				CLANG_WARN_SUSPICIOUS_MOVE = YES;
				CLANG_WARN_UNGUARDED_AVAILABILITY = YES_AGGRESSIVE;
				CLANG_WARN_UNREACHABLE_CODE = YES;
				CLANG_WARN__DUPLICATE_METHOD_MATCH = YES;
				COPY_PHASE_STRIP = NO;
				DEBUG_INFORMATION_FORMAT = dwarf;
				ENABLE_STRICT_OBJC_MSGSEND = YES;
				ENABLE_TESTABILITY = YES;
				ENABLE_USER_SCRIPT_SANDBOXING = YES;
				GCC_C_LANGUAGE_STANDARD = gnu17;
				GCC_DYNAMIC_NO_PIC = NO;
				GCC_NO_COMMON_BLOCKS = YES;
				GCC_OPTIMIZATION_LEVEL = 0;
				GCC_PREPROCESSOR_DEFINITIONS = (
					"DEBUG=1",
					"$(inherited)",
				);
				GCC_WARN_64_TO_32_BIT_CONVERSION = YES;
				GCC_WARN_ABOUT_RETURN_TYPE = YES_ERROR;
				GCC_WARN_UNDECLARED_SELECTOR = YES;
				GCC_WARN_UNINITIALIZED_AUTOS = YES_AGGRESSIVE;
				GCC_WARN_UNUSED_FUNCTION = YES;
				GCC_WARN_UNUSED_VARIABLE = YES;
				IPHONEOS_DEPLOYMENT_TARGET = 16.0;
				LOCALIZATION_PREFERS_STRING_CATALOGS = YES;
				MTL_ENABLE_DEBUG_INFO = INCLUDE_SOURCE;
				MTL_FAST_MATH = YES;
				ONLY_ACTIVE_ARCH = YES;
				SDKROOT = iphoneos;
				SWIFT_ACTIVE_COMPILATION_CONDITIONS = "DEBUG $(inherited)";
				SWIFT_OPTIMIZATION_LEVEL = "-Onone";
			};
			name = Debug;
		};
		83E451862B863F6B0022F7A9 /* Release */ = {
			isa = XCBuildConfiguration;
			buildSettings = {
				ALWAYS_SEARCH_USER_PATHS = NO;
				ASSETCATALOG_COMPILER_GENERATE_SWIFT_ASSET_SYMBOL_EXTENSIONS = YES;
				CLANG_ANALYZER_NONNULL = YES;
				CLANG_ANALYZER_NUMBER_OBJECT_CONVERSION = YES_AGGRESSIVE;
				CLANG_CXX_LANGUAGE_STANDARD = "gnu++20";
				CLANG_ENABLE_MODULES = YES;
				CLANG_ENABLE_OBJC_ARC = YES;
				CLANG_ENABLE_OBJC_WEAK = YES;
				CLANG_WARN_BLOCK_CAPTURE_AUTORELEASING = YES;
				CLANG_WARN_BOOL_CONVERSION = YES;
				CLANG_WARN_COMMA = YES;
				CLANG_WARN_CONSTANT_CONVERSION = YES;
				CLANG_WARN_DEPRECATED_OBJC_IMPLEMENTATIONS = YES;
				CLANG_WARN_DIRECT_OBJC_ISA_USAGE = YES_ERROR;
				CLANG_WARN_DOCUMENTATION_COMMENTS = YES;
				CLANG_WARN_EMPTY_BODY = YES;
				CLANG_WARN_ENUM_CONVERSION = YES;
				CLANG_WARN_INFINITE_RECURSION = YES;
				CLANG_WARN_INT_CONVERSION = YES;
				CLANG_WARN_NON_LITERAL_NULL_CONVERSION = YES;
				CLANG_WARN_OBJC_IMPLICIT_RETAIN_SELF = YES;
				CLANG_WARN_OBJC_LITERAL_CONVERSION = YES;
				CLANG_WARN_OBJC_ROOT_CLASS = YES_ERROR;
				CLANG_WARN_QUOTED_INCLUDE_IN_FRAMEWORK_HEADER = YES;
				CLANG_WARN_RANGE_LOOP_ANALYSIS = YES;
				CLANG_WARN_STRICT_PROTOTYPES = YES;
				CLANG_WARN_SUSPICIOUS_MOVE = YES;
				CLANG_WARN_UNGUARDED_AVAILABILITY = YES_AGGRESSIVE;
				CLANG_WARN_UNREACHABLE_CODE = YES;
				CLANG_WARN__DUPLICATE_METHOD_MATCH = YES;
				COPY_PHASE_STRIP = NO;
				DEBUG_INFORMATION_FORMAT = "dwarf-with-dsym";
				ENABLE_NS_ASSERTIONS = NO;
				ENABLE_STRICT_OBJC_MSGSEND = YES;
				ENABLE_USER_SCRIPT_SANDBOXING = YES;
				GCC_C_LANGUAGE_STANDARD = gnu17;
				GCC_NO_COMMON_BLOCKS = YES;
				GCC_WARN_64_TO_32_BIT_CONVERSION = YES;
				GCC_WARN_ABOUT_RETURN_TYPE = YES_ERROR;
				GCC_WARN_UNDECLARED_SELECTOR = YES;
				GCC_WARN_UNINITIALIZED_AUTOS = YES_AGGRESSIVE;
				GCC_WARN_UNUSED_FUNCTION = YES;
				GCC_WARN_UNUSED_VARIABLE = YES;
				IPHONEOS_DEPLOYMENT_TARGET = 16.0;
				LOCALIZATION_PREFERS_STRING_CATALOGS = YES;
				MTL_ENABLE_DEBUG_INFO = NO;
				MTL_FAST_MATH = YES;
				SDKROOT = iphoneos;
				SWIFT_COMPILATION_MODE = wholemodule;
				VALIDATE_PRODUCT = YES;
			};
			name = Release;
		};
		83E451882B863F6B0022F7A9 /* Debug */ = {
			isa = XCBuildConfiguration;
			buildSettings = {
				ASSETCATALOG_COMPILER_APPICON_NAME = AppIcon;
				ASSETCATALOG_COMPILER_GLOBAL_ACCENT_COLOR_NAME = AccentColor;
				CODE_SIGN_STYLE = Automatic;
				CURRENT_PROJECT_VERSION = 1;
				DEVELOPMENT_TEAM = XYX7FUQA93;
				GENERATE_INFOPLIST_FILE = YES;
				INFOPLIST_FILE = Notes/Info.plist;
				INFOPLIST_KEY_CFBundleDisplayName = MyNotes;
				INFOPLIST_KEY_UIApplicationSupportsIndirectInputEvents = YES;
				INFOPLIST_KEY_UILaunchStoryboardName = LaunchScreen;
				INFOPLIST_KEY_UISupportedInterfaceOrientations = UIInterfaceOrientationPortrait;
				INFOPLIST_KEY_UISupportedInterfaceOrientations_iPad = "UIInterfaceOrientationLandscapeLeft UIInterfaceOrientationLandscapeRight UIInterfaceOrientationPortrait UIInterfaceOrientationPortraitUpsideDown";
				IPHONEOS_DEPLOYMENT_TARGET = 16.0;
				LD_RUNPATH_SEARCH_PATHS = (
					"$(inherited)",
					"@executable_path/Frameworks",
				);
				MARKETING_VERSION = 1.0;
				PRODUCT_BUNDLE_IDENTIFIER = rusllxn.Notes;
				PRODUCT_NAME = "$(TARGET_NAME)";
				SUPPORTED_PLATFORMS = "iphoneos iphonesimulator";
				SUPPORTS_MACCATALYST = NO;
				SUPPORTS_MAC_DESIGNED_FOR_IPHONE_IPAD = NO;
				SUPPORTS_XR_DESIGNED_FOR_IPHONE_IPAD = NO;
				SWIFT_EMIT_LOC_STRINGS = YES;
				SWIFT_VERSION = 5.0;
				TARGETED_DEVICE_FAMILY = "1,2";
			};
			name = Debug;
		};
		83E451892B863F6B0022F7A9 /* Release */ = {
			isa = XCBuildConfiguration;
			buildSettings = {
				ASSETCATALOG_COMPILER_APPICON_NAME = AppIcon;
				ASSETCATALOG_COMPILER_GLOBAL_ACCENT_COLOR_NAME = AccentColor;
				CODE_SIGN_STYLE = Automatic;
				CURRENT_PROJECT_VERSION = 1;
				DEVELOPMENT_TEAM = XYX7FUQA93;
				GENERATE_INFOPLIST_FILE = YES;
				INFOPLIST_FILE = Notes/Info.plist;
				INFOPLIST_KEY_CFBundleDisplayName = MyNotes;
				INFOPLIST_KEY_UIApplicationSupportsIndirectInputEvents = YES;
				INFOPLIST_KEY_UILaunchStoryboardName = LaunchScreen;
				INFOPLIST_KEY_UISupportedInterfaceOrientations = UIInterfaceOrientationPortrait;
				INFOPLIST_KEY_UISupportedInterfaceOrientations_iPad = "UIInterfaceOrientationLandscapeLeft UIInterfaceOrientationLandscapeRight UIInterfaceOrientationPortrait UIInterfaceOrientationPortraitUpsideDown";
				IPHONEOS_DEPLOYMENT_TARGET = 16.0;
				LD_RUNPATH_SEARCH_PATHS = (
					"$(inherited)",
					"@executable_path/Frameworks",
				);
				MARKETING_VERSION = 1.0;
				PRODUCT_BUNDLE_IDENTIFIER = rusllxn.Notes;
				PRODUCT_NAME = "$(TARGET_NAME)";
				SUPPORTED_PLATFORMS = "iphoneos iphonesimulator";
				SUPPORTS_MACCATALYST = NO;
				SUPPORTS_MAC_DESIGNED_FOR_IPHONE_IPAD = NO;
				SUPPORTS_XR_DESIGNED_FOR_IPHONE_IPAD = NO;
				SWIFT_EMIT_LOC_STRINGS = YES;
				SWIFT_VERSION = 5.0;
				TARGETED_DEVICE_FAMILY = "1,2";
			};
			name = Release;
		};
/* End XCBuildConfiguration section */

/* Begin XCConfigurationList section */
		83E4516E2B863F680022F7A9 /* Build configuration list for PBXProject "Notes" */ = {
			isa = XCConfigurationList;
			buildConfigurations = (
				83E451852B863F6B0022F7A9 /* Debug */,
				83E451862B863F6B0022F7A9 /* Release */,
			);
			defaultConfigurationIsVisible = 0;
			defaultConfigurationName = Release;
		};
		83E451872B863F6B0022F7A9 /* Build configuration list for PBXNativeTarget "Notes" */ = {
			isa = XCConfigurationList;
			buildConfigurations = (
				83E451882B863F6B0022F7A9 /* Debug */,
				83E451892B863F6B0022F7A9 /* Release */,
			);
			defaultConfigurationIsVisible = 0;
			defaultConfigurationName = Release;
		};
/* End XCConfigurationList section */

/* Begin XCRemoteSwiftPackageReference section */
		83E4518A2B863FDA0022F7A9 /* XCRemoteSwiftPackageReference "SnapKit" */ = {
			isa = XCRemoteSwiftPackageReference;
			repositoryURL = "https://github.com/SnapKit/SnapKit.git";
			requirement = {
				kind = upToNextMajorVersion;
				minimumVersion = 5.7.1;
			};
		};
/* End XCRemoteSwiftPackageReference section */

/* Begin XCSwiftPackageProductDependency section */
		83E4518B2B863FDA0022F7A9 /* SnapKit */ = {
			isa = XCSwiftPackageProductDependency;
			package = 83E4518A2B863FDA0022F7A9 /* XCRemoteSwiftPackageReference "SnapKit" */;
			productName = SnapKit;
		};
/* End XCSwiftPackageProductDependency section */

/* Begin XCVersionGroup section */
		8365AA992BA085B80090F786 /* Note.xcdatamodeld */ = {
			isa = XCVersionGroup;
			children = (
				8365AA9A2BA085B80090F786 /* Note.xcdatamodel */,
			);
			currentVersion = 8365AA9A2BA085B80090F786 /* Note.xcdatamodel */;
			path = Note.xcdatamodeld;
			sourceTree = "<group>";
			versionGroupType = wrapper.xcdatamodel;
		};
/* End XCVersionGroup section */
	};
	rootObject = 83E4516B2B863F680022F7A9 /* Project object */;
}
